
Microsoft Visual Studio Solution File, Format Version 12.00
# Visual Studio Version 17
VisualStudioVersion = 17.5.002.0
MinimumVisualStudioVersion = 10.0.40219.1
Project("{9A19103F-16F7-4668-BE54-9A1E7A4F7556}") = "modhub", "modhub.csproj", "{95B8CEFF-4974-4AD3-9008-1BC311E120F5}"
EndProject
Global
	GlobalSection(SolutionConfigurationPlatforms) = preSolution
		Debug|Any CPU = Debug|Any CPU
		Release|Any CPU = Release|Any CPU
	EndGlobalSection
	GlobalSection(ProjectConfigurationPlatforms) = postSolution
		{95B8CEFF-4974-4AD3-9008-1BC311E120F5}.Debug|Any CPU.ActiveCfg = Debug|Any CPU
		{95B8CEFF-4974-4AD3-9008-1BC311E120F5}.Debug|Any CPU.Build.0 = Debug|Any CPU
		{95B8CEFF-4974-4AD3-9008-1BC311E120F5}.Release|Any CPU.ActiveCfg = Release|Any CPU
		{95B8CEFF-4974-4AD3-9008-1BC311E120F5}.Release|Any CPU.Build.0 = Release|Any CPU
	EndGlobalSection
	GlobalSection(SolutionProperties) = preSolution
		HideSolutionNode = FALSE
	EndGlobalSection
	GlobalSection(ExtensibilityGlobals) = postSolution
		SolutionGuid = {41F425EB-3B4D-4978-BC5B-1A9820284015}
	EndGlobalSection
EndGlobal
